
Microsoft Visual Studio Solution File, Format Version 12.00
# Visual Studio 15
VisualStudioVersion = 15.0.28307.421
MinimumVisualStudioVersion = 10.0.40219.1
Project("{FAE04EC0-301F-11D3-BF4B-00C04F79EFBC}") = "Observer", "Observer\Observer.csproj", "{59A5E0D3-D4FC-42E0-8B32-03623DE51476}"
EndProject
Global
	GlobalSection(SolutionConfigurationPlatforms) = preSolution
		Debug|Any CPU = Debug|Any CPU
		Release|Any CPU = Release|Any CPU
	EndGlobalSection
	GlobalSection(ProjectConfigurationPlatforms) = postSolution
		{59A5E0D3-D4FC-42E0-8B32-03623DE51476}.Debug|Any CPU.ActiveCfg = Debug|Any CPU
		{59A5E0D3-D4FC-42E0-8B32-03623DE51476}.Debug|Any CPU.Build.0 = Debug|Any CPU
		{59A5E0D3-D4FC-42E0-8B32-03623DE51476}.Release|Any CPU.ActiveCfg = Release|Any CPU
		{59A5E0D3-D4FC-42E0-8B32-03623DE51476}.Release|Any CPU.Build.0 = Release|Any CPU
	EndGlobalSection
	GlobalSection(SolutionProperties) = preSolution
		HideSolutionNode = FALSE
	EndGlobalSection
	GlobalSection(ExtensibilityGlobals) = postSolution
		SolutionGuid = {F996E9C2-FC3C-49A8-9D30-B5DB67E41E36}
	EndGlobalSection
EndGlobal
